
Microsoft Visual Studio Solution File, Format Version 12.00
# Visual Studio 15
VisualStudioVersion = 15.0.28307.852
MinimumVisualStudioVersion = 10.0.40219.1
Project("{FAE04EC0-301F-11D3-BF4B-00C04F79EFBC}") = "cdr", "cdr\cdr.csproj", "{13F25B14-6B15-4836-B3C4-3C5AB7FB4AD5}"
EndProject
Global
	GlobalSection(SolutionConfigurationPlatforms) = preSolution
		Debug|Any CPU = Debug|Any CPU
		Release|Any CPU = Release|Any CPU
	EndGlobalSection
	GlobalSection(ProjectConfigurationPlatforms) = postSolution
		{13F25B14-6B15-4836-B3C4-3C5AB7FB4AD5}.Debug|Any CPU.ActiveCfg = Debug|Any CPU
		{13F25B14-6B15-4836-B3C4-3C5AB7FB4AD5}.Debug|Any CPU.Build.0 = Debug|Any CPU
		{13F25B14-6B15-4836-B3C4-3C5AB7FB4AD5}.Release|Any CPU.ActiveCfg = Release|Any CPU
		{13F25B14-6B15-4836-B3C4-3C5AB7FB4AD5}.Release|Any CPU.Build.0 = Release|Any CPU
	EndGlobalSection
	GlobalSection(SolutionProperties) = preSolution
		HideSolutionNode = FALSE
	EndGlobalSection
	GlobalSection(ExtensibilityGlobals) = postSolution
		SolutionGuid = {B8F88FFC-E484-456F-B2C2-438A72AC1827}
	EndGlobalSection
EndGlobal
